// !$*UTF8*$!
{
	archiveVersion = 1;
	classes = {
	};
	objectVersion = 51;
	objects = {

/* Begin PBXBuildFile section */
		0198A7662408C94A00B12999 /* HomeCoordinatorTests.swift in Sources */ = {isa = PBXBuildFile; fileRef = 0198A75F2408C94900B12999 /* HomeCoordinatorTests.swift */; };
		0198A7672408C94A00B12999 /* PostsViewControllerTests.swift in Sources */ = {isa = PBXBuildFile; fileRef = 0198A7612408C94900B12999 /* PostsViewControllerTests.swift */; };
		0198A7682408C94A00B12999 /* PostsViewModelTests.swift in Sources */ = {isa = PBXBuildFile; fileRef = 0198A7632408C94A00B12999 /* PostsViewModelTests.swift */; };
		0198A7692408C94A00B12999 /* PostsServiceTests.swift in Sources */ = {isa = PBXBuildFile; fileRef = 0198A7652408C94A00B12999 /* PostsServiceTests.swift */; };
		0198A7732408C95700B12999 /* UITestFactory.swift in Sources */ = {isa = PBXBuildFile; fileRef = 0198A76B2408C95700B12999 /* UITestFactory.swift */; };
		0198A7742408C95700B12999 /* HomeScreen.swift in Sources */ = {isa = PBXBuildFile; fileRef = 0198A76D2408C95700B12999 /* HomeScreen.swift */; };
		0198A7762408C95700B12999 /* HackerNewsUITests.swift in Sources */ = {isa = PBXBuildFile; fileRef = 0198A76F2408C95700B12999 /* HackerNewsUITests.swift */; };
		0198A7772408C95700B12999 /* UITestHelpers.swift in Sources */ = {isa = PBXBuildFile; fileRef = 0198A7712408C95700B12999 /* UITestHelpers.swift */; };
		0198A7782408C95700B12999 /* App.swift in Sources */ = {isa = PBXBuildFile; fileRef = 0198A7722408C95700B12999 /* App.swift */; };
		0198A77E2408C9CD00B12999 /* MockNetworking.swift in Sources */ = {isa = PBXBuildFile; fileRef = 0198A77A2408C9CD00B12999 /* MockNetworking.swift */; };
		0198A77F2408C9CD00B12999 /* MockPostsService.swift in Sources */ = {isa = PBXBuildFile; fileRef = 0198A77B2408C9CD00B12999 /* MockPostsService.swift */; };
		0198A7802408C9CD00B12999 /* MockPostsViewModel.swift in Sources */ = {isa = PBXBuildFile; fileRef = 0198A77C2408C9CD00B12999 /* MockPostsViewModel.swift */; };
		0198A7812408C9CD00B12999 /* MockRouter.swift in Sources */ = {isa = PBXBuildFile; fileRef = 0198A77D2408C9CD00B12999 /* MockRouter.swift */; };
		0198A7842408CDB400B12999 /* PostsDataManagerTests.swift in Sources */ = {isa = PBXBuildFile; fileRef = 0198A7832408CDB400B12999 /* PostsDataManagerTests.swift */; };
		01EBA098240744DD00F251A8 /* AppDelegate.swift in Sources */ = {isa = PBXBuildFile; fileRef = 01EBA097240744DD00F251A8 /* AppDelegate.swift */; };
		01EBA0A1240744DD00F251A8 /* Assets.xcassets in Resources */ = {isa = PBXBuildFile; fileRef = 01EBA0A0240744DD00F251A8 /* Assets.xcassets */; };
		01EBA0A4240744DD00F251A8 /* LaunchScreen.storyboard in Resources */ = {isa = PBXBuildFile; fileRef = 01EBA0A2240744DD00F251A8 /* LaunchScreen.storyboard */; };
		01EBA0F12407455E00F251A8 /* PostsViewModel.swift in Sources */ = {isa = PBXBuildFile; fileRef = 01EBA0C92407455E00F251A8 /* PostsViewModel.swift */; };
		01EBA0F22407455E00F251A8 /* UIViewController+Extensions.swift in Sources */ = {isa = PBXBuildFile; fileRef = 01EBA0CB2407455E00F251A8 /* UIViewController+Extensions.swift */; };
		01EBA0F32407455E00F251A8 /* DispatchQueue+Extensions.swift in Sources */ = {isa = PBXBuildFile; fileRef = 01EBA0CC2407455E00F251A8 /* DispatchQueue+Extensions.swift */; };
		01EBA0F42407455E00F251A8 /* UINavigationController+Extensions.swift in Sources */ = {isa = PBXBuildFile; fileRef = 01EBA0CD2407455E00F251A8 /* UINavigationController+Extensions.swift */; };
		01EBA0F52407455E00F251A8 /* UITextField+Extensions.swift in Sources */ = {isa = PBXBuildFile; fileRef = 01EBA0CE2407455E00F251A8 /* UITextField+Extensions.swift */; };
		01EBA0F62407455E00F251A8 /* PostsViewController.swift in Sources */ = {isa = PBXBuildFile; fileRef = 01EBA0D02407455E00F251A8 /* PostsViewController.swift */; };
		01EBA0F82407455E00F251A8 /* Colors.swift in Sources */ = {isa = PBXBuildFile; fileRef = 01EBA0D32407455E00F251A8 /* Colors.swift */; };
		01EBA0F92407455E00F251A8 /* Views.swift in Sources */ = {isa = PBXBuildFile; fileRef = 01EBA0D52407455E00F251A8 /* Views.swift */; };
		01EBA0FA2407455E00F251A8 /* Banner.swift in Sources */ = {isa = PBXBuildFile; fileRef = 01EBA0D62407455E00F251A8 /* Banner.swift */; };
		01EBA0FB2407455E00F251A8 /* Factory.swift in Sources */ = {isa = PBXBuildFile; fileRef = 01EBA0D72407455E00F251A8 /* Factory.swift */; };
		01EBA0FE2407455E00F251A8 /* Post.swift in Sources */ = {isa = PBXBuildFile; fileRef = 01EBA0DB2407455E00F251A8 /* Post.swift */; };
		01EBA1002407455E00F251A8 /* PostTableViewCell.swift in Sources */ = {isa = PBXBuildFile; fileRef = 01EBA0DE2407455E00F251A8 /* PostTableViewCell.swift */; };
		01EBA1012407455E00F251A8 /* HomeCoordinator.swift in Sources */ = {isa = PBXBuildFile; fileRef = 01EBA0E02407455E00F251A8 /* HomeCoordinator.swift */; };
		01EBA1022407455E00F251A8 /* Router.swift in Sources */ = {isa = PBXBuildFile; fileRef = 01EBA0E12407455E00F251A8 /* Router.swift */; };
		01EBA1032407455E00F251A8 /* Coordinator.swift in Sources */ = {isa = PBXBuildFile; fileRef = 01EBA0E22407455E00F251A8 /* Coordinator.swift */; };
		01EBA1052407455E00F251A8 /* PostsService.swift in Sources */ = {isa = PBXBuildFile; fileRef = 01EBA0E52407455E00F251A8 /* PostsService.swift */; };
		01EBA1062407455E00F251A8 /* PostsView.swift in Sources */ = {isa = PBXBuildFile; fileRef = 01EBA0E72407455E00F251A8 /* PostsView.swift */; };
		01EBA1072407455E00F251A8 /* PostsDataManager.swift in Sources */ = {isa = PBXBuildFile; fileRef = 01EBA0E92407455E00F251A8 /* PostsDataManager.swift */; };
		01EBA1082407455E00F251A8 /* HackerNewsEndpoint.swift in Sources */ = {isa = PBXBuildFile; fileRef = 01EBA0EC2407455E00F251A8 /* HackerNewsEndpoint.swift */; };
		01EBA10A2407455E00F251A8 /* Networking.swift in Sources */ = {isa = PBXBuildFile; fileRef = 01EBA0EE2407455E00F251A8 /* Networking.swift */; };
		01EBA10B2407455E00F251A8 /* Endpoint.swift in Sources */ = {isa = PBXBuildFile; fileRef = 01EBA0EF2407455E00F251A8 /* Endpoint.swift */; };
		01EBA10D2407689400F251A8 /* PostList.swift in Sources */ = {isa = PBXBuildFile; fileRef = 01EBA10C2407689400F251A8 /* PostList.swift */; };
		1F595E18780DA2424A6472CE /* Pods_HackerNewsTests.framework in Frameworks */ = {isa = PBXBuildFile; fileRef = 58EA31EA9504D51EB5973EB9 /* Pods_HackerNewsTests.framework */; };
		416CCF7D95E2C80A50AD9B6B /* Pods_HackerNews.framework in Frameworks */ = {isa = PBXBuildFile; fileRef = 0D7DBC5C123F11590B59DD6F /* Pods_HackerNews.framework */; };
/* End PBXBuildFile section */

/* Begin PBXContainerItemProxy section */
		01EBA0AB240744DE00F251A8 /* PBXContainerItemProxy */ = {
			isa = PBXContainerItemProxy;
			containerPortal = 01EBA08C240744DD00F251A8 /* Project object */;
			proxyType = 1;
			remoteGlobalIDString = 01EBA093240744DD00F251A8;
			remoteInfo = HackerNews;
		};
		01EBA0B6240744DE00F251A8 /* PBXContainerItemProxy */ = {
			isa = PBXContainerItemProxy;
			containerPortal = 01EBA08C240744DD00F251A8 /* Project object */;
			proxyType = 1;
			remoteGlobalIDString = 01EBA093240744DD00F251A8;
			remoteInfo = HackerNews;
		};
/* End PBXContainerItemProxy section */

/* Begin PBXFileReference section */
		0198A75F2408C94900B12999 /* HomeCoordinatorTests.swift */ = {isa = PBXFileReference; fileEncoding = 4; lastKnownFileType = sourcecode.swift; path = HomeCoordinatorTests.swift; sourceTree = "<group>"; };
		0198A7612408C94900B12999 /* PostsViewControllerTests.swift */ = {isa = PBXFileReference; fileEncoding = 4; lastKnownFileType = sourcecode.swift; path = PostsViewControllerTests.swift; sourceTree = "<group>"; };
		0198A7632408C94A00B12999 /* PostsViewModelTests.swift */ = {isa = PBXFileReference; fileEncoding = 4; lastKnownFileType = sourcecode.swift; path = PostsViewModelTests.swift; sourceTree = "<group>"; };
		0198A7652408C94A00B12999 /* PostsServiceTests.swift */ = {isa = PBXFileReference; fileEncoding = 4; lastKnownFileType = sourcecode.swift; path = PostsServiceTests.swift; sourceTree = "<group>"; };
		0198A76B2408C95700B12999 /* UITestFactory.swift */ = {isa = PBXFileReference; fileEncoding = 4; lastKnownFileType = sourcecode.swift; path = UITestFactory.swift; sourceTree = "<group>"; };
		0198A76D2408C95700B12999 /* HomeScreen.swift */ = {isa = PBXFileReference; fileEncoding = 4; lastKnownFileType = sourcecode.swift; path = HomeScreen.swift; sourceTree = "<group>"; };
		0198A76F2408C95700B12999 /* HackerNewsUITests.swift */ = {isa = PBXFileReference; fileEncoding = 4; lastKnownFileType = sourcecode.swift; path = HackerNewsUITests.swift; sourceTree = "<group>"; };
		0198A7712408C95700B12999 /* UITestHelpers.swift */ = {isa = PBXFileReference; fileEncoding = 4; lastKnownFileType = sourcecode.swift; path = UITestHelpers.swift; sourceTree = "<group>"; };
		0198A7722408C95700B12999 /* App.swift */ = {isa = PBXFileReference; fileEncoding = 4; lastKnownFileType = sourcecode.swift; path = App.swift; sourceTree = "<group>"; };
		0198A77A2408C9CD00B12999 /* MockNetworking.swift */ = {isa = PBXFileReference; fileEncoding = 4; lastKnownFileType = sourcecode.swift; path = MockNetworking.swift; sourceTree = "<group>"; };
		0198A77B2408C9CD00B12999 /* MockPostsService.swift */ = {isa = PBXFileReference; fileEncoding = 4; lastKnownFileType = sourcecode.swift; path = MockPostsService.swift; sourceTree = "<group>"; };
		0198A77C2408C9CD00B12999 /* MockPostsViewModel.swift */ = {isa = PBXFileReference; fileEncoding = 4; lastKnownFileType = sourcecode.swift; path = MockPostsViewModel.swift; sourceTree = "<group>"; };
		0198A77D2408C9CD00B12999 /* MockRouter.swift */ = {isa = PBXFileReference; fileEncoding = 4; lastKnownFileType = sourcecode.swift; path = MockRouter.swift; sourceTree = "<group>"; };
		0198A7832408CDB400B12999 /* PostsDataManagerTests.swift */ = {isa = PBXFileReference; lastKnownFileType = sourcecode.swift; path = PostsDataManagerTests.swift; sourceTree = "<group>"; };
		01EBA094240744DD00F251A8 /* HackerNews.app */ = {isa = PBXFileReference; explicitFileType = wrapper.application; includeInIndex = 0; path = HackerNews.app; sourceTree = BUILT_PRODUCTS_DIR; };
		01EBA097240744DD00F251A8 /* AppDelegate.swift */ = {isa = PBXFileReference; lastKnownFileType = sourcecode.swift; path = AppDelegate.swift; sourceTree = "<group>"; };
		01EBA0A0240744DD00F251A8 /* Assets.xcassets */ = {isa = PBXFileReference; lastKnownFileType = folder.assetcatalog; path = Assets.xcassets; sourceTree = "<group>"; };
		01EBA0A3240744DD00F251A8 /* Base */ = {isa = PBXFileReference; lastKnownFileType = file.storyboard; name = Base; path = Base.lproj/LaunchScreen.storyboard; sourceTree = "<group>"; };
		01EBA0A5240744DE00F251A8 /* Info.plist */ = {isa = PBXFileReference; lastKnownFileType = text.plist.xml; path = Info.plist; sourceTree = "<group>"; };
		01EBA0AA240744DE00F251A8 /* HackerNewsTests.xctest */ = {isa = PBXFileReference; explicitFileType = wrapper.cfbundle; includeInIndex = 0; path = HackerNewsTests.xctest; sourceTree = BUILT_PRODUCTS_DIR; };
		01EBA0B0240744DE00F251A8 /* Info.plist */ = {isa = PBXFileReference; lastKnownFileType = text.plist.xml; path = Info.plist; sourceTree = "<group>"; };
		01EBA0B5240744DE00F251A8 /* HackerNewsUITests.xctest */ = {isa = PBXFileReference; explicitFileType = wrapper.cfbundle; includeInIndex = 0; path = HackerNewsUITests.xctest; sourceTree = BUILT_PRODUCTS_DIR; };
		01EBA0BB240744DE00F251A8 /* Info.plist */ = {isa = PBXFileReference; lastKnownFileType = text.plist.xml; path = Info.plist; sourceTree = "<group>"; };
		01EBA0C92407455E00F251A8 /* PostsViewModel.swift */ = {isa = PBXFileReference; fileEncoding = 4; lastKnownFileType = sourcecode.swift; path = PostsViewModel.swift; sourceTree = "<group>"; };
		01EBA0CB2407455E00F251A8 /* UIViewController+Extensions.swift */ = {isa = PBXFileReference; fileEncoding = 4; lastKnownFileType = sourcecode.swift; path = "UIViewController+Extensions.swift"; sourceTree = "<group>"; };
		01EBA0CC2407455E00F251A8 /* DispatchQueue+Extensions.swift */ = {isa = PBXFileReference; fileEncoding = 4; lastKnownFileType = sourcecode.swift; path = "DispatchQueue+Extensions.swift"; sourceTree = "<group>"; };
		01EBA0CD2407455E00F251A8 /* UINavigationController+Extensions.swift */ = {isa = PBXFileReference; fileEncoding = 4; lastKnownFileType = sourcecode.swift; path = "UINavigationController+Extensions.swift"; sourceTree = "<group>"; };
		01EBA0CE2407455E00F251A8 /* UITextField+Extensions.swift */ = {isa = PBXFileReference; fileEncoding = 4; lastKnownFileType = sourcecode.swift; path = "UITextField+Extensions.swift"; sourceTree = "<group>"; };
		01EBA0D02407455E00F251A8 /* PostsViewController.swift */ = {isa = PBXFileReference; fileEncoding = 4; lastKnownFileType = sourcecode.swift; path = PostsViewController.swift; sourceTree = "<group>"; };
		01EBA0D32407455E00F251A8 /* Colors.swift */ = {isa = PBXFileReference; fileEncoding = 4; lastKnownFileType = sourcecode.swift; path = Colors.swift; sourceTree = "<group>"; };
		01EBA0D52407455E00F251A8 /* Views.swift */ = {isa = PBXFileReference; fileEncoding = 4; lastKnownFileType = sourcecode.swift; path = Views.swift; sourceTree = "<group>"; };
		01EBA0D62407455E00F251A8 /* Banner.swift */ = {isa = PBXFileReference; fileEncoding = 4; lastKnownFileType = sourcecode.swift; path = Banner.swift; sourceTree = "<group>"; };
		01EBA0D72407455E00F251A8 /* Factory.swift */ = {isa = PBXFileReference; fileEncoding = 4; lastKnownFileType = sourcecode.swift; path = Factory.swift; sourceTree = "<group>"; };
		01EBA0DB2407455E00F251A8 /* Post.swift */ = {isa = PBXFileReference; fileEncoding = 4; lastKnownFileType = sourcecode.swift; path = Post.swift; sourceTree = "<group>"; };
		01EBA0DE2407455E00F251A8 /* PostTableViewCell.swift */ = {isa = PBXFileReference; fileEncoding = 4; lastKnownFileType = sourcecode.swift; path = PostTableViewCell.swift; sourceTree = "<group>"; };
		01EBA0E02407455E00F251A8 /* HomeCoordinator.swift */ = {isa = PBXFileReference; fileEncoding = 4; lastKnownFileType = sourcecode.swift; path = HomeCoordinator.swift; sourceTree = "<group>"; };
		01EBA0E12407455E00F251A8 /* Router.swift */ = {isa = PBXFileReference; fileEncoding = 4; lastKnownFileType = sourcecode.swift; path = Router.swift; sourceTree = "<group>"; };
		01EBA0E22407455E00F251A8 /* Coordinator.swift */ = {isa = PBXFileReference; fileEncoding = 4; lastKnownFileType = sourcecode.swift; path = Coordinator.swift; sourceTree = "<group>"; };
		01EBA0E52407455E00F251A8 /* PostsService.swift */ = {isa = PBXFileReference; fileEncoding = 4; lastKnownFileType = sourcecode.swift; path = PostsService.swift; sourceTree = "<group>"; };
		01EBA0E72407455E00F251A8 /* PostsView.swift */ = {isa = PBXFileReference; fileEncoding = 4; lastKnownFileType = sourcecode.swift; path = PostsView.swift; sourceTree = "<group>"; };
		01EBA0E92407455E00F251A8 /* PostsDataManager.swift */ = {isa = PBXFileReference; fileEncoding = 4; lastKnownFileType = sourcecode.swift; path = PostsDataManager.swift; sourceTree = "<group>"; };
		01EBA0EC2407455E00F251A8 /* HackerNewsEndpoint.swift */ = {isa = PBXFileReference; fileEncoding = 4; lastKnownFileType = sourcecode.swift; path = HackerNewsEndpoint.swift; sourceTree = "<group>"; };
		01EBA0EE2407455E00F251A8 /* Networking.swift */ = {isa = PBXFileReference; fileEncoding = 4; lastKnownFileType = sourcecode.swift; path = Networking.swift; sourceTree = "<group>"; };
		01EBA0EF2407455E00F251A8 /* Endpoint.swift */ = {isa = PBXFileReference; fileEncoding = 4; lastKnownFileType = sourcecode.swift; path = Endpoint.swift; sourceTree = "<group>"; };
		01EBA10C2407689400F251A8 /* PostList.swift */ = {isa = PBXFileReference; fileEncoding = 4; lastKnownFileType = sourcecode.swift; path = PostList.swift; sourceTree = "<group>"; };
		0417B10C3BD4ED867A918E88 /* Pods-HackerNewsTests.debug.xcconfig */ = {isa = PBXFileReference; includeInIndex = 1; lastKnownFileType = text.xcconfig; name = "Pods-HackerNewsTests.debug.xcconfig"; path = "Target Support Files/Pods-HackerNewsTests/Pods-HackerNewsTests.debug.xcconfig"; sourceTree = "<group>"; };
		0D7DBC5C123F11590B59DD6F /* Pods_HackerNews.framework */ = {isa = PBXFileReference; explicitFileType = wrapper.framework; includeInIndex = 0; path = Pods_HackerNews.framework; sourceTree = BUILT_PRODUCTS_DIR; };
		58EA31EA9504D51EB5973EB9 /* Pods_HackerNewsTests.framework */ = {isa = PBXFileReference; explicitFileType = wrapper.framework; includeInIndex = 0; path = Pods_HackerNewsTests.framework; sourceTree = BUILT_PRODUCTS_DIR; };
		5E8F23BDC9270D776C036D85 /* Pods-HackerNewsTests.release.xcconfig */ = {isa = PBXFileReference; includeInIndex = 1; lastKnownFileType = text.xcconfig; name = "Pods-HackerNewsTests.release.xcconfig"; path = "Target Support Files/Pods-HackerNewsTests/Pods-HackerNewsTests.release.xcconfig"; sourceTree = "<group>"; };
		6E5CC885DD75947F854E66B0 /* Pods-HackerNews.release.xcconfig */ = {isa = PBXFileReference; includeInIndex = 1; lastKnownFileType = text.xcconfig; name = "Pods-HackerNews.release.xcconfig"; path = "Target Support Files/Pods-HackerNews/Pods-HackerNews.release.xcconfig"; sourceTree = "<group>"; };
		834BC6A730761CB1FF6A6541 /* Pods-HackerNews.debug.xcconfig */ = {isa = PBXFileReference; includeInIndex = 1; lastKnownFileType = text.xcconfig; name = "Pods-HackerNews.debug.xcconfig"; path = "Target Support Files/Pods-HackerNews/Pods-HackerNews.debug.xcconfig"; sourceTree = "<group>"; };
/* End PBXFileReference section */

/* Begin PBXFrameworksBuildPhase section */
		01EBA091240744DD00F251A8 /* Frameworks */ = {
			isa = PBXFrameworksBuildPhase;
			buildActionMask = 2147483647;
			files = (
				416CCF7D95E2C80A50AD9B6B /* Pods_HackerNews.framework in Frameworks */,
			);
			runOnlyForDeploymentPostprocessing = 0;
		};
		01EBA0A7240744DE00F251A8 /* Frameworks */ = {
			isa = PBXFrameworksBuildPhase;
			buildActionMask = 2147483647;
			files = (
				1F595E18780DA2424A6472CE /* Pods_HackerNewsTests.framework in Frameworks */,
			);
			runOnlyForDeploymentPostprocessing = 0;
		};
		01EBA0B2240744DE00F251A8 /* Frameworks */ = {
			isa = PBXFrameworksBuildPhase;
			buildActionMask = 2147483647;
			files = (
			);
			runOnlyForDeploymentPostprocessing = 0;
		};
/* End PBXFrameworksBuildPhase section */

/* Begin PBXGroup section */
		0043EF0AEB07F6F53237A365 /* Pods */ = {
			isa = PBXGroup;
			children = (
				834BC6A730761CB1FF6A6541 /* Pods-HackerNews.debug.xcconfig */,
				6E5CC885DD75947F854E66B0 /* Pods-HackerNews.release.xcconfig */,
				0417B10C3BD4ED867A918E88 /* Pods-HackerNewsTests.debug.xcconfig */,
				5E8F23BDC9270D776C036D85 /* Pods-HackerNewsTests.release.xcconfig */,
			);
			name = Pods;
			path = ../Pods;
			sourceTree = "<group>";
		};
		0198A75E2408C94900B12999 /* Coordinators */ = {
			isa = PBXGroup;
			children = (
				0198A75F2408C94900B12999 /* HomeCoordinatorTests.swift */,
			);
			path = Coordinators;
			sourceTree = "<group>";
		};
		0198A7602408C94900B12999 /* ViewControllers */ = {
			isa = PBXGroup;
			children = (
				0198A7612408C94900B12999 /* PostsViewControllerTests.swift */,
			);
			path = ViewControllers;
			sourceTree = "<group>";
		};
		0198A7622408C94A00B12999 /* ViewModels */ = {
			isa = PBXGroup;
			children = (
				0198A7632408C94A00B12999 /* PostsViewModelTests.swift */,
			);
			path = ViewModels;
			sourceTree = "<group>";
		};
		0198A7642408C94A00B12999 /* Services */ = {
			isa = PBXGroup;
			children = (
				0198A7652408C94A00B12999 /* PostsServiceTests.swift */,
			);
			path = Services;
			sourceTree = "<group>";
		};
		0198A76A2408C95700B12999 /* UITestFactory */ = {
			isa = PBXGroup;
			children = (
				0198A76C2408C95700B12999 /* Screens */,
				0198A76B2408C95700B12999 /* UITestFactory.swift */,
			);
			path = UITestFactory;
			sourceTree = "<group>";
		};
		0198A76C2408C95700B12999 /* Screens */ = {
			isa = PBXGroup;
			children = (
				0198A76D2408C95700B12999 /* HomeScreen.swift */,
			);
			path = Screens;
			sourceTree = "<group>";
		};
		0198A7702408C95700B12999 /* UITestHelpers */ = {
			isa = PBXGroup;
			children = (
				0198A7712408C95700B12999 /* UITestHelpers.swift */,
				0198A7722408C95700B12999 /* App.swift */,
			);
			path = UITestHelpers;
			sourceTree = "<group>";
		};
		0198A7792408C9CD00B12999 /* HackerNewsTestHelpers */ = {
			isa = PBXGroup;
			children = (
				0198A77A2408C9CD00B12999 /* MockNetworking.swift */,
				0198A77B2408C9CD00B12999 /* MockPostsService.swift */,
				0198A77C2408C9CD00B12999 /* MockPostsViewModel.swift */,
				0198A77D2408C9CD00B12999 /* MockRouter.swift */,
			);
			path = HackerNewsTestHelpers;
			sourceTree = SOURCE_ROOT;
		};
		0198A7822408CD9300B12999 /* DataManagers */ = {
			isa = PBXGroup;
			children = (
				0198A7832408CDB400B12999 /* PostsDataManagerTests.swift */,
			);
			path = DataManagers;
			sourceTree = "<group>";
		};
		01EBA08B240744DD00F251A8 = {
			isa = PBXGroup;
			children = (
				01EBA096240744DD00F251A8 /* HackerNews */,
				01EBA0AD240744DE00F251A8 /* HackerNewsTests */,
				01EBA0B8240744DE00F251A8 /* HackerNewsUITests */,
				0198A7792408C9CD00B12999 /* HackerNewsTestHelpers */,
				01EBA095240744DD00F251A8 /* Products */,
				0043EF0AEB07F6F53237A365 /* Pods */,
				9E7F09A5D52D771B107D3492 /* Frameworks */,
			);
			sourceTree = "<group>";
		};
		01EBA095240744DD00F251A8 /* Products */ = {
			isa = PBXGroup;
			children = (
				01EBA094240744DD00F251A8 /* HackerNews.app */,
				01EBA0AA240744DE00F251A8 /* HackerNewsTests.xctest */,
				01EBA0B5240744DE00F251A8 /* HackerNewsUITests.xctest */,
			);
			name = Products;
			sourceTree = "<group>";
		};
		01EBA096240744DD00F251A8 /* HackerNews */ = {
			isa = PBXGroup;
			children = (
				01EBA0DD2407455E00F251A8 /* Cells */,
				01EBA0DF2407455E00F251A8 /* Coordinators */,
				01EBA0E82407455E00F251A8 /* DataManagers */,
				01EBA0CA2407455E00F251A8 /* Extensions */,
				01EBA0D22407455E00F251A8 /* Factory */,
				01EBA0D82407455E00F251A8 /* Models */,
				01EBA0EA2407455E00F251A8 /* Networking */,
				01EBA0E32407455E00F251A8 /* Services */,
				01EBA0CF2407455E00F251A8 /* ViewControllers */,
				01EBA0C72407455E00F251A8 /* ViewModels */,
				01EBA0E62407455E00F251A8 /* Views */,
				01EBA097240744DD00F251A8 /* AppDelegate.swift */,
				01EBA0A0240744DD00F251A8 /* Assets.xcassets */,
				01EBA0A2240744DD00F251A8 /* LaunchScreen.storyboard */,
				01EBA0A5240744DE00F251A8 /* Info.plist */,
			);
			path = HackerNews;
			sourceTree = "<group>";
		};
		01EBA0AD240744DE00F251A8 /* HackerNewsTests */ = {
			isa = PBXGroup;
			children = (
				0198A7822408CD9300B12999 /* DataManagers */,
				0198A75E2408C94900B12999 /* Coordinators */,
				0198A7642408C94A00B12999 /* Services */,
				0198A7602408C94900B12999 /* ViewControllers */,
				0198A7622408C94A00B12999 /* ViewModels */,
				01EBA0B0240744DE00F251A8 /* Info.plist */,
			);
			path = HackerNewsTests;
			sourceTree = "<group>";
		};
		01EBA0B8240744DE00F251A8 /* HackerNewsUITests */ = {
			isa = PBXGroup;
			children = (
				0198A7702408C95700B12999 /* UITestHelpers */,
				0198A76A2408C95700B12999 /* UITestFactory */,
				0198A76F2408C95700B12999 /* HackerNewsUITests.swift */,
				01EBA0BB240744DE00F251A8 /* Info.plist */,
			);
			path = HackerNewsUITests;
			sourceTree = "<group>";
		};
		01EBA0C72407455E00F251A8 /* ViewModels */ = {
			isa = PBXGroup;
			children = (
				01EBA0C92407455E00F251A8 /* PostsViewModel.swift */,
			);
			path = ViewModels;
			sourceTree = "<group>";
		};
		01EBA0CA2407455E00F251A8 /* Extensions */ = {
			isa = PBXGroup;
			children = (
				01EBA0CB2407455E00F251A8 /* UIViewController+Extensions.swift */,
				01EBA0CC2407455E00F251A8 /* DispatchQueue+Extensions.swift */,
				01EBA0CD2407455E00F251A8 /* UINavigationController+Extensions.swift */,
				01EBA0CE2407455E00F251A8 /* UITextField+Extensions.swift */,
			);
			path = Extensions;
			sourceTree = "<group>";
		};
		01EBA0CF2407455E00F251A8 /* ViewControllers */ = {
			isa = PBXGroup;
			children = (
				01EBA0D02407455E00F251A8 /* PostsViewController.swift */,
			);
			path = ViewControllers;
			sourceTree = "<group>";
		};
		01EBA0D22407455E00F251A8 /* Factory */ = {
			isa = PBXGroup;
			children = (
				01EBA0D42407455E00F251A8 /* Views */,
				01EBA0D32407455E00F251A8 /* Colors.swift */,
				01EBA0D72407455E00F251A8 /* Factory.swift */,
			);
			path = Factory;
			sourceTree = "<group>";
		};
		01EBA0D42407455E00F251A8 /* Views */ = {
			isa = PBXGroup;
			children = (
				01EBA0D52407455E00F251A8 /* Views.swift */,
				01EBA0D62407455E00F251A8 /* Banner.swift */,
			);
			path = Views;
			sourceTree = "<group>";
		};
		01EBA0D82407455E00F251A8 /* Models */ = {
			isa = PBXGroup;
			children = (
				01EBA10C2407689400F251A8 /* PostList.swift */,
				01EBA0DB2407455E00F251A8 /* Post.swift */,
			);
			path = Models;
			sourceTree = "<group>";
		};
		01EBA0DD2407455E00F251A8 /* Cells */ = {
			isa = PBXGroup;
			children = (
				01EBA0DE2407455E00F251A8 /* PostTableViewCell.swift */,
			);
			path = Cells;
			sourceTree = "<group>";
		};
		01EBA0DF2407455E00F251A8 /* Coordinators */ = {
			isa = PBXGroup;
			children = (
				01EBA0E02407455E00F251A8 /* HomeCoordinator.swift */,
				01EBA0E12407455E00F251A8 /* Router.swift */,
				01EBA0E22407455E00F251A8 /* Coordinator.swift */,
			);
			path = Coordinators;
			sourceTree = "<group>";
		};
		01EBA0E32407455E00F251A8 /* Services */ = {
			isa = PBXGroup;
			children = (
				01EBA0E52407455E00F251A8 /* PostsService.swift */,
			);
			path = Services;
			sourceTree = "<group>";
		};
		01EBA0E62407455E00F251A8 /* Views */ = {
			isa = PBXGroup;
			children = (
				01EBA0E72407455E00F251A8 /* PostsView.swift */,
			);
			path = Views;
			sourceTree = "<group>";
		};
		01EBA0E82407455E00F251A8 /* DataManagers */ = {
			isa = PBXGroup;
			children = (
				01EBA0E92407455E00F251A8 /* PostsDataManager.swift */,
			);
			path = DataManagers;
			sourceTree = "<group>";
		};
		01EBA0EA2407455E00F251A8 /* Networking */ = {
			isa = PBXGroup;
			children = (
				01EBA0EB2407455E00F251A8 /* Endpoints */,
				01EBA0EE2407455E00F251A8 /* Networking.swift */,
				01EBA0EF2407455E00F251A8 /* Endpoint.swift */,
			);
			path = Networking;
			sourceTree = "<group>";
		};
		01EBA0EB2407455E00F251A8 /* Endpoints */ = {
			isa = PBXGroup;
			children = (
				01EBA0EC2407455E00F251A8 /* HackerNewsEndpoint.swift */,
			);
			path = Endpoints;
			sourceTree = "<group>";
		};
		9E7F09A5D52D771B107D3492 /* Frameworks */ = {
			isa = PBXGroup;
			children = (
				0D7DBC5C123F11590B59DD6F /* Pods_HackerNews.framework */,
				58EA31EA9504D51EB5973EB9 /* Pods_HackerNewsTests.framework */,
			);
			name = Frameworks;
			sourceTree = "<group>";
		};
/* End PBXGroup section */

/* Begin PBXNativeTarget section */
		01EBA093240744DD00F251A8 /* HackerNews */ = {
			isa = PBXNativeTarget;
			buildConfigurationList = 01EBA0BE240744DE00F251A8 /* Build configuration list for PBXNativeTarget "HackerNews" */;
			buildPhases = (
				7E82A0709DC4C3433F3B26C4 /* [CP] Check Pods Manifest.lock */,
				01EBA090240744DD00F251A8 /* Sources */,
				01EBA091240744DD00F251A8 /* Frameworks */,
				01EBA092240744DD00F251A8 /* Resources */,
				C35952DA59823DB78C84B399 /* [CP] Embed Pods Frameworks */,
			);
			buildRules = (
			);
			dependencies = (
			);
			name = HackerNews;
			productName = HackerNews;
			productReference = 01EBA094240744DD00F251A8 /* HackerNews.app */;
			productType = "com.apple.product-type.application";
		};
		01EBA0A9240744DE00F251A8 /* HackerNewsTests */ = {
			isa = PBXNativeTarget;
			buildConfigurationList = 01EBA0C1240744DE00F251A8 /* Build configuration list for PBXNativeTarget "HackerNewsTests" */;
			buildPhases = (
				77065F665AF41AD7EE20179B /* [CP] Check Pods Manifest.lock */,
				01EBA0A6240744DE00F251A8 /* Sources */,
				01EBA0A7240744DE00F251A8 /* Frameworks */,
				01EBA0A8240744DE00F251A8 /* Resources */,
				6C9C76DA1F156BFF1DDEC790 /* [CP] Embed Pods Frameworks */,
			);
			buildRules = (
			);
			dependencies = (
				01EBA0AC240744DE00F251A8 /* PBXTargetDependency */,
			);
			name = HackerNewsTests;
			productName = HackerNewsTests;
			productReference = 01EBA0AA240744DE00F251A8 /* HackerNewsTests.xctest */;
			productType = "com.apple.product-type.bundle.unit-test";
		};
		01EBA0B4240744DE00F251A8 /* HackerNewsUITests */ = {
			isa = PBXNativeTarget;
			buildConfigurationList = 01EBA0C4240744DE00F251A8 /* Build configuration list for PBXNativeTarget "HackerNewsUITests" */;
			buildPhases = (
				01EBA0B1240744DE00F251A8 /* Sources */,
				01EBA0B2240744DE00F251A8 /* Frameworks */,
				01EBA0B3240744DE00F251A8 /* Resources */,
			);
			buildRules = (
			);
			dependencies = (
				01EBA0B7240744DE00F251A8 /* PBXTargetDependency */,
			);
			name = HackerNewsUITests;
			productName = HackerNewsUITests;
			productReference = 01EBA0B5240744DE00F251A8 /* HackerNewsUITests.xctest */;
			productType = "com.apple.product-type.bundle.ui-testing";
		};
/* End PBXNativeTarget section */

/* Begin PBXProject section */
		01EBA08C240744DD00F251A8 /* Project object */ = {
			isa = PBXProject;
			attributes = {
				LastSwiftUpdateCheck = 1130;
				LastUpgradeCheck = 1130;
				ORGANIZATIONNAME = "Brian Atiyeh";
				TargetAttributes = {
					01EBA093240744DD00F251A8 = {
						CreatedOnToolsVersion = 11.3.1;
					};
					01EBA0A9240744DE00F251A8 = {
						CreatedOnToolsVersion = 11.3.1;
						TestTargetID = 01EBA093240744DD00F251A8;
					};
					01EBA0B4240744DE00F251A8 = {
						CreatedOnToolsVersion = 11.3.1;
						TestTargetID = 01EBA093240744DD00F251A8;
					};
				};
			};
			buildConfigurationList = 01EBA08F240744DD00F251A8 /* Build configuration list for PBXProject "HackerNews" */;
			compatibilityVersion = "Xcode 9.3";
			developmentRegion = en;
			hasScannedForEncodings = 0;
			knownRegions = (
				en,
				Base,
			);
			mainGroup = 01EBA08B240744DD00F251A8;
			productRefGroup = 01EBA095240744DD00F251A8 /* Products */;
			projectDirPath = "";
			projectRoot = "";
			targets = (
				01EBA093240744DD00F251A8 /* HackerNews */,
				01EBA0A9240744DE00F251A8 /* HackerNewsTests */,
				01EBA0B4240744DE00F251A8 /* HackerNewsUITests */,
			);
		};
/* End PBXProject section */

/* Begin PBXResourcesBuildPhase section */
		01EBA092240744DD00F251A8 /* Resources */ = {
			isa = PBXResourcesBuildPhase;
			buildActionMask = 2147483647;
			files = (
				01EBA0A4240744DD00F251A8 /* LaunchScreen.storyboard in Resources */,
				01EBA0A1240744DD00F251A8 /* Assets.xcassets in Resources */,
			);
			runOnlyForDeploymentPostprocessing = 0;
		};
		01EBA0A8240744DE00F251A8 /* Resources */ = {
			isa = PBXResourcesBuildPhase;
			buildActionMask = 2147483647;
			files = (
			);
			runOnlyForDeploymentPostprocessing = 0;
		};
		01EBA0B3240744DE00F251A8 /* Resources */ = {
			isa = PBXResourcesBuildPhase;
			buildActionMask = 2147483647;
			files = (
			);
			runOnlyForDeploymentPostprocessing = 0;
		};
/* End PBXResourcesBuildPhase section */

/* Begin PBXShellScriptBuildPhase section */
		6C9C76DA1F156BFF1DDEC790 /* [CP] Embed Pods Frameworks */ = {
			isa = PBXShellScriptBuildPhase;
			buildActionMask = 2147483647;
			files = (
			);
			inputFileListPaths = (
				"${PODS_ROOT}/Target Support Files/Pods-HackerNewsTests/Pods-HackerNewsTests-frameworks-${CONFIGURATION}-input-files.xcfilelist",
			);
			name = "[CP] Embed Pods Frameworks";
			outputFileListPaths = (
				"${PODS_ROOT}/Target Support Files/Pods-HackerNewsTests/Pods-HackerNewsTests-frameworks-${CONFIGURATION}-output-files.xcfilelist",
			);
			runOnlyForDeploymentPostprocessing = 0;
			shellPath = /bin/sh;
			shellScript = "\"${PODS_ROOT}/Target Support Files/Pods-HackerNewsTests/Pods-HackerNewsTests-frameworks.sh\"\n";
			showEnvVarsInLog = 0;
		};
		77065F665AF41AD7EE20179B /* [CP] Check Pods Manifest.lock */ = {
			isa = PBXShellScriptBuildPhase;
			buildActionMask = 2147483647;
			files = (
			);
			inputFileListPaths = (
			);
			inputPaths = (
				"${PODS_PODFILE_DIR_PATH}/Podfile.lock",
				"${PODS_ROOT}/Manifest.lock",
			);
			name = "[CP] Check Pods Manifest.lock";
			outputFileListPaths = (
			);
			outputPaths = (
				"$(DERIVED_FILE_DIR)/Pods-HackerNewsTests-checkManifestLockResult.txt",
			);
			runOnlyForDeploymentPostprocessing = 0;
			shellPath = /bin/sh;
			shellScript = "diff \"${PODS_PODFILE_DIR_PATH}/Podfile.lock\" \"${PODS_ROOT}/Manifest.lock\" > /dev/null\nif [ $? != 0 ] ; then\n    # print error to STDERR\n    echo \"error: The sandbox is not in sync with the Podfile.lock. Run 'pod install' or update your CocoaPods installation.\" >&2\n    exit 1\nfi\n# This output is used by Xcode 'outputs' to avoid re-running this script phase.\necho \"SUCCESS\" > \"${SCRIPT_OUTPUT_FILE_0}\"\n";
			showEnvVarsInLog = 0;
		};
		7E82A0709DC4C3433F3B26C4 /* [CP] Check Pods Manifest.lock */ = {
			isa = PBXShellScriptBuildPhase;
			buildActionMask = 2147483647;
			files = (
			);
			inputFileListPaths = (
			);
			inputPaths = (
				"${PODS_PODFILE_DIR_PATH}/Podfile.lock",
				"${PODS_ROOT}/Manifest.lock",
			);
			name = "[CP] Check Pods Manifest.lock";
			outputFileListPaths = (
			);
			outputPaths = (
				"$(DERIVED_FILE_DIR)/Pods-HackerNews-checkManifestLockResult.txt",
			);
			runOnlyForDeploymentPostprocessing = 0;
			shellPath = /bin/sh;
			shellScript = "diff \"${PODS_PODFILE_DIR_PATH}/Podfile.lock\" \"${PODS_ROOT}/Manifest.lock\" > /dev/null\nif [ $? != 0 ] ; then\n    # print error to STDERR\n    echo \"error: The sandbox is not in sync with the Podfile.lock. Run 'pod install' or update your CocoaPods installation.\" >&2\n    exit 1\nfi\n# This output is used by Xcode 'outputs' to avoid re-running this script phase.\necho \"SUCCESS\" > \"${SCRIPT_OUTPUT_FILE_0}\"\n";
			showEnvVarsInLog = 0;
		};
		C35952DA59823DB78C84B399 /* [CP] Embed Pods Frameworks */ = {
			isa = PBXShellScriptBuildPhase;
			buildActionMask = 2147483647;
			files = (
			);
			inputFileListPaths = (
				"${PODS_ROOT}/Target Support Files/Pods-HackerNews/Pods-HackerNews-frameworks-${CONFIGURATION}-input-files.xcfilelist",
			);
			name = "[CP] Embed Pods Frameworks";
			outputFileListPaths = (
				"${PODS_ROOT}/Target Support Files/Pods-HackerNews/Pods-HackerNews-frameworks-${CONFIGURATION}-output-files.xcfilelist",
			);
			runOnlyForDeploymentPostprocessing = 0;
			shellPath = /bin/sh;
			shellScript = "\"${PODS_ROOT}/Target Support Files/Pods-HackerNews/Pods-HackerNews-frameworks.sh\"\n";
			showEnvVarsInLog = 0;
		};
/* End PBXShellScriptBuildPhase section */

/* Begin PBXSourcesBuildPhase section */
		01EBA090240744DD00F251A8 /* Sources */ = {
			isa = PBXSourcesBuildPhase;
			buildActionMask = 2147483647;
			files = (
				01EBA1082407455E00F251A8 /* HackerNewsEndpoint.swift in Sources */,
				01EBA1022407455E00F251A8 /* Router.swift in Sources */,
				01EBA0F82407455E00F251A8 /* Colors.swift in Sources */,
				01EBA0F12407455E00F251A8 /* PostsViewModel.swift in Sources */,
				01EBA10B2407455E00F251A8 /* Endpoint.swift in Sources */,
				01EBA0F32407455E00F251A8 /* DispatchQueue+Extensions.swift in Sources */,
				01EBA1012407455E00F251A8 /* HomeCoordinator.swift in Sources */,
				01EBA0F62407455E00F251A8 /* PostsViewController.swift in Sources */,
				01EBA1002407455E00F251A8 /* PostTableViewCell.swift in Sources */,
				01EBA1072407455E00F251A8 /* PostsDataManager.swift in Sources */,
				01EBA0F92407455E00F251A8 /* Views.swift in Sources */,
				01EBA098240744DD00F251A8 /* AppDelegate.swift in Sources */,
				01EBA1052407455E00F251A8 /* PostsService.swift in Sources */,
				01EBA0F22407455E00F251A8 /* UIViewController+Extensions.swift in Sources */,
				01EBA0F52407455E00F251A8 /* UITextField+Extensions.swift in Sources */,
				01EBA10A2407455E00F251A8 /* Networking.swift in Sources */,
				01EBA10D2407689400F251A8 /* PostList.swift in Sources */,
				01EBA1032407455E00F251A8 /* Coordinator.swift in Sources */,
				01EBA0FA2407455E00F251A8 /* Banner.swift in Sources */,
				01EBA1062407455E00F251A8 /* PostsView.swift in Sources */,
				01EBA0FE2407455E00F251A8 /* Post.swift in Sources */,
				01EBA0F42407455E00F251A8 /* UINavigationController+Extensions.swift in Sources */,
				01EBA0FB2407455E00F251A8 /* Factory.swift in Sources */,
			);
			runOnlyForDeploymentPostprocessing = 0;
		};
		01EBA0A6240744DE00F251A8 /* Sources */ = {
			isa = PBXSourcesBuildPhase;
			buildActionMask = 2147483647;
			files = (
				0198A7682408C94A00B12999 /* PostsViewModelTests.swift in Sources */,
				0198A7672408C94A00B12999 /* PostsViewControllerTests.swift in Sources */,
				0198A77E2408C9CD00B12999 /* MockNetworking.swift in Sources */,
				0198A77F2408C9CD00B12999 /* MockPostsService.swift in Sources */,
				0198A7662408C94A00B12999 /* HomeCoordinatorTests.swift in Sources */,
				0198A7842408CDB400B12999 /* PostsDataManagerTests.swift in Sources */,
				0198A7802408C9CD00B12999 /* MockPostsViewModel.swift in Sources */,
				0198A7812408C9CD00B12999 /* MockRouter.swift in Sources */,
				0198A7692408C94A00B12999 /* PostsServiceTests.swift in Sources */,
			);
			runOnlyForDeploymentPostprocessing = 0;
		};
		01EBA0B1240744DE00F251A8 /* Sources */ = {
			isa = PBXSourcesBuildPhase;
			buildActionMask = 2147483647;
			files = (
				0198A7732408C95700B12999 /* UITestFactory.swift in Sources */,
				0198A7772408C95700B12999 /* UITestHelpers.swift in Sources */,
				0198A7762408C95700B12999 /* HackerNewsUITests.swift in Sources */,
				0198A7782408C95700B12999 /* App.swift in Sources */,
				0198A7742408C95700B12999 /* HomeScreen.swift in Sources */,
			);
			runOnlyForDeploymentPostprocessing = 0;
		};
/* End PBXSourcesBuildPhase section */

/* Begin PBXTargetDependency section */
		01EBA0AC240744DE00F251A8 /* PBXTargetDependency */ = {
			isa = PBXTargetDependency;
			target = 01EBA093240744DD00F251A8 /* HackerNews */;
			targetProxy = 01EBA0AB240744DE00F251A8 /* PBXContainerItemProxy */;
		};
		01EBA0B7240744DE00F251A8 /* PBXTargetDependency */ = {
			isa = PBXTargetDependency;
			target = 01EBA093240744DD00F251A8 /* HackerNews */;
			targetProxy = 01EBA0B6240744DE00F251A8 /* PBXContainerItemProxy */;
		};
/* End PBXTargetDependency section */

/* Begin PBXVariantGroup section */
		01EBA0A2240744DD00F251A8 /* LaunchScreen.storyboard */ = {
			isa = PBXVariantGroup;
			children = (
				01EBA0A3240744DD00F251A8 /* Base */,
			);
			name = LaunchScreen.storyboard;
			sourceTree = "<group>";
		};
/* End PBXVariantGroup section */

/* Begin XCBuildConfiguration section */
		01EBA0BC240744DE00F251A8 /* Debug */ = {
			isa = XCBuildConfiguration;
			buildSettings = {
				ALWAYS_SEARCH_USER_PATHS = NO;
				CLANG_ANALYZER_NONNULL = YES;
				CLANG_ANALYZER_NUMBER_OBJECT_CONVERSION = YES_AGGRESSIVE;
				CLANG_CXX_LANGUAGE_STANDARD = "gnu++14";
				CLANG_CXX_LIBRARY = "libc++";
				CLANG_ENABLE_MODULES = YES;
				CLANG_ENABLE_OBJC_ARC = YES;
				CLANG_ENABLE_OBJC_WEAK = YES;
				CLANG_WARN_BLOCK_CAPTURE_AUTORELEASING = YES;
				CLANG_WARN_BOOL_CONVERSION = YES;
				CLANG_WARN_COMMA = YES;
				CLANG_WARN_CONSTANT_CONVERSION = YES;
				CLANG_WARN_DEPRECATED_OBJC_IMPLEMENTATIONS = YES;
				CLANG_WARN_DIRECT_OBJC_ISA_USAGE = YES_ERROR;
				CLANG_WARN_DOCUMENTATION_COMMENTS = YES;
				CLANG_WARN_EMPTY_BODY = YES;
				CLANG_WARN_ENUM_CONVERSION = YES;
				CLANG_WARN_INFINITE_RECURSION = YES;
				CLANG_WARN_INT_CONVERSION = YES;
				CLANG_WARN_NON_LITERAL_NULL_CONVERSION = YES;
				CLANG_WARN_OBJC_IMPLICIT_RETAIN_SELF = YES;
				CLANG_WARN_OBJC_LITERAL_CONVERSION = YES;
				CLANG_WARN_OBJC_ROOT_CLASS = YES_ERROR;
				CLANG_WARN_RANGE_LOOP_ANALYSIS = YES;
				CLANG_WARN_STRICT_PROTOTYPES = YES;
				CLANG_WARN_SUSPICIOUS_MOVE = YES;
				CLANG_WARN_UNGUARDED_AVAILABILITY = YES_AGGRESSIVE;
				CLANG_WARN_UNREACHABLE_CODE = YES;
				CLANG_WARN__DUPLICATE_METHOD_MATCH = YES;
				COPY_PHASE_STRIP = NO;
				DEBUG_INFORMATION_FORMAT = dwarf;
				ENABLE_STRICT_OBJC_MSGSEND = YES;
				ENABLE_TESTABILITY = YES;
				GCC_C_LANGUAGE_STANDARD = gnu11;
				GCC_DYNAMIC_NO_PIC = NO;
				GCC_NO_COMMON_BLOCKS = YES;
				GCC_OPTIMIZATION_LEVEL = 0;
				GCC_PREPROCESSOR_DEFINITIONS = (
					"DEBUG=1",
					"$(inherited)",
				);
				GCC_WARN_64_TO_32_BIT_CONVERSION = YES;
				GCC_WARN_ABOUT_RETURN_TYPE = YES_ERROR;
				GCC_WARN_UNDECLARED_SELECTOR = YES;
				GCC_WARN_UNINITIALIZED_AUTOS = YES_AGGRESSIVE;
				GCC_WARN_UNUSED_FUNCTION = YES;
				GCC_WARN_UNUSED_VARIABLE = YES;
				IPHONEOS_DEPLOYMENT_TARGET = 13.2;
				MTL_ENABLE_DEBUG_INFO = INCLUDE_SOURCE;
				MTL_FAST_MATH = YES;
				ONLY_ACTIVE_ARCH = YES;
				SDKROOT = iphoneos;
				SWIFT_ACTIVE_COMPILATION_CONDITIONS = DEBUG;
				SWIFT_OPTIMIZATION_LEVEL = "-Onone";
			};
			name = Debug;
		};
		01EBA0BD240744DE00F251A8 /* Release */ = {
			isa = XCBuildConfiguration;
			buildSettings = {
				ALWAYS_SEARCH_USER_PATHS = NO;
				CLANG_ANALYZER_NONNULL = YES;
				CLANG_ANALYZER_NUMBER_OBJECT_CONVERSION = YES_AGGRESSIVE;
				CLANG_CXX_LANGUAGE_STANDARD = "gnu++14";
				CLANG_CXX_LIBRARY = "libc++";
				CLANG_ENABLE_MODULES = YES;
				CLANG_ENABLE_OBJC_ARC = YES;
				CLANG_ENABLE_OBJC_WEAK = YES;
				CLANG_WARN_BLOCK_CAPTURE_AUTORELEASING = YES;
				CLANG_WARN_BOOL_CONVERSION = YES;
				CLANG_WARN_COMMA = YES;
				CLANG_WARN_CONSTANT_CONVERSION = YES;
				CLANG_WARN_DEPRECATED_OBJC_IMPLEMENTATIONS = YES;
				CLANG_WARN_DIRECT_OBJC_ISA_USAGE = YES_ERROR;
				CLANG_WARN_DOCUMENTATION_COMMENTS = YES;
				CLANG_WARN_EMPTY_BODY = YES;
				CLANG_WARN_ENUM_CONVERSION = YES;
				CLANG_WARN_INFINITE_RECURSION = YES;
				CLANG_WARN_INT_CONVERSION = YES;
				CLANG_WARN_NON_LITERAL_NULL_CONVERSION = YES;
				CLANG_WARN_OBJC_IMPLICIT_RETAIN_SELF = YES;
				CLANG_WARN_OBJC_LITERAL_CONVERSION = YES;
				CLANG_WARN_OBJC_ROOT_CLASS = YES_ERROR;
				CLANG_WARN_RANGE_LOOP_ANALYSIS = YES;
				CLANG_WARN_STRICT_PROTOTYPES = YES;
				CLANG_WARN_SUSPICIOUS_MOVE = YES;
				CLANG_WARN_UNGUARDED_AVAILABILITY = YES_AGGRESSIVE;
				CLANG_WARN_UNREACHABLE_CODE = YES;
				CLANG_WARN__DUPLICATE_METHOD_MATCH = YES;
				COPY_PHASE_STRIP = NO;
				DEBUG_INFORMATION_FORMAT = "dwarf-with-dsym";
				ENABLE_NS_ASSERTIONS = NO;
				ENABLE_STRICT_OBJC_MSGSEND = YES;
				GCC_C_LANGUAGE_STANDARD = gnu11;
				GCC_NO_COMMON_BLOCKS = YES;
				GCC_WARN_64_TO_32_BIT_CONVERSION = YES;
				GCC_WARN_ABOUT_RETURN_TYPE = YES_ERROR;
				GCC_WARN_UNDECLARED_SELECTOR = YES;
				GCC_WARN_UNINITIALIZED_AUTOS = YES_AGGRESSIVE;
				GCC_WARN_UNUSED_FUNCTION = YES;
				GCC_WARN_UNUSED_VARIABLE = YES;
				IPHONEOS_DEPLOYMENT_TARGET = 13.2;
				MTL_ENABLE_DEBUG_INFO = NO;
				MTL_FAST_MATH = YES;
				SDKROOT = iphoneos;
				SWIFT_COMPILATION_MODE = wholemodule;
				SWIFT_OPTIMIZATION_LEVEL = "-O";
				VALIDATE_PRODUCT = YES;
			};
			name = Release;
		};
		01EBA0BF240744DE00F251A8 /* Debug */ = {
			isa = XCBuildConfiguration;
			baseConfigurationReference = 834BC6A730761CB1FF6A6541 /* Pods-HackerNews.debug.xcconfig */;
			buildSettings = {
				ASSETCATALOG_COMPILER_APPICON_NAME = AppIcon;
				CODE_SIGN_STYLE = Automatic;
				DEVELOPMENT_TEAM = 43T987R38X;
				INFOPLIST_FILE = HackerNews/Info.plist;
				LD_RUNPATH_SEARCH_PATHS = (
					"$(inherited)",
					"@executable_path/Frameworks",
				);
				PRODUCT_BUNDLE_IDENTIFIER = com.example.HackerNews;
				PRODUCT_NAME = "$(TARGET_NAME)";
				SWIFT_VERSION = 5.0;
				TARGETED_DEVICE_FAMILY = "1,2";
			};
			name = Debug;
		};
		01EBA0C0240744DE00F251A8 /* Release */ = {
			isa = XCBuildConfiguration;
			baseConfigurationReference = 6E5CC885DD75947F854E66B0 /* Pods-HackerNews.release.xcconfig */;
			buildSettings = {
				ASSETCATALOG_COMPILER_APPICON_NAME = AppIcon;
				CODE_SIGN_STYLE = Automatic;
				DEVELOPMENT_TEAM = 43T987R38X;
				INFOPLIST_FILE = HackerNews/Info.plist;
				LD_RUNPATH_SEARCH_PATHS = (
					"$(inherited)",
					"@executable_path/Frameworks",
				);
				PRODUCT_BUNDLE_IDENTIFIER = com.example.HackerNews;
				PRODUCT_NAME = "$(TARGET_NAME)";
				SWIFT_VERSION = 5.0;
				TARGETED_DEVICE_FAMILY = "1,2";
			};
			name = Release;
		};
		01EBA0C2240744DE00F251A8 /* Debug */ = {
			isa = XCBuildConfiguration;
			baseConfigurationReference = 0417B10C3BD4ED867A918E88 /* Pods-HackerNewsTests.debug.xcconfig */;
			buildSettings = {
				ALWAYS_EMBED_SWIFT_STANDARD_LIBRARIES = YES;
				BUNDLE_LOADER = "$(TEST_HOST)";
				CODE_SIGN_STYLE = Automatic;
				DEVELOPMENT_TEAM = 43T987R38X;
				INFOPLIST_FILE = HackerNewsTests/Info.plist;
				IPHONEOS_DEPLOYMENT_TARGET = 13.2;
				LD_RUNPATH_SEARCH_PATHS = (
					"$(inherited)",
					"@executable_path/Frameworks",
					"@loader_path/Frameworks",
				);
				PRODUCT_BUNDLE_IDENTIFIER = com.example.HackerNewsTests;
				PRODUCT_NAME = "$(TARGET_NAME)";
				SWIFT_VERSION = 5.0;
				TARGETED_DEVICE_FAMILY = "1,2";
				TEST_HOST = "$(BUILT_PRODUCTS_DIR)/HackerNews.app/HackerNews";
			};
			name = Debug;
		};
		01EBA0C3240744DE00F251A8 /* Release */ = {
			isa = XCBuildConfiguration;
			baseConfigurationReference = 5E8F23BDC9270D776C036D85 /* Pods-HackerNewsTests.release.xcconfig */;
			buildSettings = {
				ALWAYS_EMBED_SWIFT_STANDARD_LIBRARIES = YES;
				BUNDLE_LOADER = "$(TEST_HOST)";
				CODE_SIGN_STYLE = Automatic;
				DEVELOPMENT_TEAM = 43T987R38X;
				INFOPLIST_FILE = HackerNewsTests/Info.plist;
				IPHONEOS_DEPLOYMENT_TARGET = 13.2;
				LD_RUNPATH_SEARCH_PATHS = (
					"$(inherited)",
					"@executable_path/Frameworks",
					"@loader_path/Frameworks",
				);
				PRODUCT_BUNDLE_IDENTIFIER = com.example.HackerNewsTests;
				PRODUCT_NAME = "$(TARGET_NAME)";
				SWIFT_VERSION = 5.0;
				TARGETED_DEVICE_FAMILY = "1,2";
				TEST_HOST = "$(BUILT_PRODUCTS_DIR)/HackerNews.app/HackerNews";
			};
			name = Release;
		};
		01EBA0C5240744DE00F251A8 /* Debug */ = {
			isa = XCBuildConfiguration;
			buildSettings = {
				ALWAYS_EMBED_SWIFT_STANDARD_LIBRARIES = YES;
				CODE_SIGN_STYLE = Automatic;
				DEVELOPMENT_TEAM = 43T987R38X;
				INFOPLIST_FILE = HackerNewsUITests/Info.plist;
				LD_RUNPATH_SEARCH_PATHS = (
					"$(inherited)",
					"@executable_path/Frameworks",
					"@loader_path/Frameworks",
				);
				PRODUCT_BUNDLE_IDENTIFIER = com.example.HackerNewsUITests;
				PRODUCT_NAME = "$(TARGET_NAME)";
				SWIFT_VERSION = 5.0;
				TARGETED_DEVICE_FAMILY = "1,2";
				TEST_TARGET_NAME = HackerNews;
			};
			name = Debug;
		};
		01EBA0C6240744DE00F251A8 /* Release */ = {
			isa = XCBuildConfiguration;
			buildSettings = {
				ALWAYS_EMBED_SWIFT_STANDARD_LIBRARIES = YES;
				CODE_SIGN_STYLE = Automatic;
				DEVELOPMENT_TEAM = 43T987R38X;
				INFOPLIST_FILE = HackerNewsUITests/Info.plist;
				LD_RUNPATH_SEARCH_PATHS = (
					"$(inherited)",
					"@executable_path/Frameworks",
					"@loader_path/Frameworks",
				);
				PRODUCT_BUNDLE_IDENTIFIER = com.example.HackerNewsUITests;
				PRODUCT_NAME = "$(TARGET_NAME)";
				SWIFT_VERSION = 5.0;
				TARGETED_DEVICE_FAMILY = "1,2";
				TEST_TARGET_NAME = HackerNews;
			};
			name = Release;
		};
/* End XCBuildConfiguration section */

/* Begin XCConfigurationList section */
		01EBA08F240744DD00F251A8 /* Build configuration list for PBXProject "HackerNews" */ = {
			isa = XCConfigurationList;
			buildConfigurations = (
				01EBA0BC240744DE00F251A8 /* Debug */,
				01EBA0BD240744DE00F251A8 /* Release */,
			);
			defaultConfigurationIsVisible = 0;
			defaultConfigurationName = Release;
		};
		01EBA0BE240744DE00F251A8 /* Build configuration list for PBXNativeTarget "HackerNews" */ = {
			isa = XCConfigurationList;
			buildConfigurations = (
				01EBA0BF240744DE00F251A8 /* Debug */,
				01EBA0C0240744DE00F251A8 /* Release */,
			);
			defaultConfigurationIsVisible = 0;
			defaultConfigurationName = Release;
		};
		01EBA0C1240744DE00F251A8 /* Build configuration list for PBXNativeTarget "HackerNewsTests" */ = {
			isa = XCConfigurationList;
			buildConfigurations = (
				01EBA0C2240744DE00F251A8 /* Debug */,
				01EBA0C3240744DE00F251A8 /* Release */,
			);
			defaultConfigurationIsVisible = 0;
			defaultConfigurationName = Release;
		};
		01EBA0C4240744DE00F251A8 /* Build configuration list for PBXNativeTarget "HackerNewsUITests" */ = {
			isa = XCConfigurationList;
			buildConfigurations = (
				01EBA0C5240744DE00F251A8 /* Debug */,
				01EBA0C6240744DE00F251A8 /* Release */,
			);
			defaultConfigurationIsVisible = 0;
			defaultConfigurationName = Release;
		};
/* End XCConfigurationList section */
	};
	rootObject = 01EBA08C240744DD00F251A8 /* Project object */;
}
